
Microsoft Visual Studio Solution File, Format Version 12.00
# Visual Studio Version 17
VisualStudioVersion = 17.9.34728.123
MinimumVisualStudioVersion = 10.0.40219.1
Project("{888888A0-9F3D-457C-B088-3A5042F75D52}") = "Three_Hump_bez_ograniczen", "Three_Hump_bez_ograniczen\Three_Hump_bez_ograniczen.pyproj", "{B581DED1-3321-4F65-86C9-6AC2FAA351D9}"
EndProject
Global
	GlobalSection(SolutionConfigurationPlatforms) = preSolution
		Debug|Any CPU = Debug|Any CPU
		Release|Any CPU = Release|Any CPU
	EndGlobalSection
	GlobalSection(ProjectConfigurationPlatforms) = postSolution
		{B581DED1-3321-4F65-86C9-6AC2FAA351D9}.Debug|Any CPU.ActiveCfg = Debug|Any CPU
		{B581DED1-3321-4F65-86C9-6AC2FAA351D9}.Release|Any CPU.ActiveCfg = Release|Any CPU
	EndGlobalSection
	GlobalSection(SolutionProperties) = preSolution
		HideSolutionNode = FALSE
	EndGlobalSection
	GlobalSection(ExtensibilityGlobals) = postSolution
		SolutionGuid = {CCF9F0E7-929F-44D5-9930-261DD8FE549E}
	EndGlobalSection
EndGlobal
